
Microsoft Visual Studio Solution File, Format Version 12.00
# Visual Studio Version 17
VisualStudioVersion = 17.10.35027.167
MinimumVisualStudioVersion = 10.0.40219.1
Project("{FAE04EC0-301F-11D3-BF4B-00C04F79EFBC}") = "TestExe", "TestExe.csproj", "{7D92C602-B7F6-41EA-B9B9-99698E4ED239}"
EndProject
Global
	GlobalSection(SolutionConfigurationPlatforms) = preSolution
		Debug|Any CPU = Debug|Any CPU
		Release|Any CPU = Release|Any CPU
	EndGlobalSection
	GlobalSection(ProjectConfigurationPlatforms) = postSolution
		{7D92C602-B7F6-41EA-B9B9-99698E4ED239}.Debug|Any CPU.ActiveCfg = Debug|Any CPU
		{7D92C602-B7F6-41EA-B9B9-99698E4ED239}.Debug|Any CPU.Build.0 = Debug|Any CPU
		{7D92C602-B7F6-41EA-B9B9-99698E4ED239}.Release|Any CPU.ActiveCfg = Release|Any CPU
		{7D92C602-B7F6-41EA-B9B9-99698E4ED239}.Release|Any CPU.Build.0 = Release|Any CPU
	EndGlobalSection
	GlobalSection(SolutionProperties) = preSolution
		HideSolutionNode = FALSE
	EndGlobalSection
	GlobalSection(ExtensibilityGlobals) = postSolution
		SolutionGuid = {34AC380F-7DCB-4AB7-B46D-7B6075E05D9E}
	EndGlobalSection
EndGlobal
